
Microsoft Visual Studio Solution File, Format Version 12.00
# Visual Studio Version 17
VisualStudioVersion = 17.11.35312.102
MinimumVisualStudioVersion = 10.0.40219.1
Project("{FAE04EC0-301F-11D3-BF4B-00C04F79EFBC}") = "Rapid Trigger Config", "Rapid Trigger Config\Rapid Trigger Config.csproj", "{AE154C25-20D9-4A26-9FBD-277B491E6739}"
EndProject
Global
	GlobalSection(SolutionConfigurationPlatforms) = preSolution
		Debug|Any CPU = Debug|Any CPU
		Release|Any CPU = Release|Any CPU
	EndGlobalSection
	GlobalSection(ProjectConfigurationPlatforms) = postSolution
		{AE154C25-20D9-4A26-9FBD-277B491E6739}.Debug|Any CPU.ActiveCfg = Debug|Any CPU
		{AE154C25-20D9-4A26-9FBD-277B491E6739}.Debug|Any CPU.Build.0 = Debug|Any CPU
		{AE154C25-20D9-4A26-9FBD-277B491E6739}.Release|Any CPU.ActiveCfg = Release|Any CPU
		{AE154C25-20D9-4A26-9FBD-277B491E6739}.Release|Any CPU.Build.0 = Release|Any CPU
	EndGlobalSection
	GlobalSection(SolutionProperties) = preSolution
		HideSolutionNode = FALSE
	EndGlobalSection
	GlobalSection(ExtensibilityGlobals) = postSolution
		SolutionGuid = {1396E609-3B7C-4E5A-B62A-FA6CF3EA6FFF}
	EndGlobalSection
EndGlobal
